// !$*UTF8*$!
{
	archiveVersion = 1;
	classes = {
	};
	objectVersion = 63;
	objects = {

/* Begin PBXBuildFile section */
		4A647B99F3126BBF9BD6B90D /* Config.swift in Sources */ = {isa = PBXBuildFile; fileRef = 1AB5CDA3861AB1CF4827431F /* Config.swift */; };
		57003295C06E711B712F1869 /* ChatView.swift in Sources */ = {isa = PBXBuildFile; fileRef = C8EF258B6D56D443C78028D2 /* ChatView.swift */; };
		63CC0BB37A8ED9DF3A4D1825 /* ContentView.swift in Sources */ = {isa = PBXBuildFile; fileRef = 122EAA1FEEC372C80A4D8FDF /* ContentView.swift */; };
		7420EE0D41E84EB2686B945F /* Assets.xcassets in Resources */ = {isa = PBXBuildFile; fileRef = D29F903BBCAEE67508B4A664 /* Assets.xcassets */; };
		A1AF58114703A5181A68FC63 /* DashboardView.swift in Sources */ = {isa = PBXBuildFile; fileRef = F9F6E972A71D8641688900FB /* DashboardView.swift */; };
		A8050AE073469BD6BF0F1D76 /* AppDelegate.swift in Sources */ = {isa = PBXBuildFile; fileRef = 2617E135AD12462007F431F3 /* AppDelegate.swift */; };
		DC5A26C4E84089D1813E1F29 /* ChatViewModel.swift in Sources */ = {isa = PBXBuildFile; fileRef = BD6F640E4C3CA9B1A643AE5A /* ChatViewModel.swift */; };
		F1D95F9CC080535DE2FE9FAF /* LapioBTCApp.swift in Sources */ = {isa = PBXBuildFile; fileRef = 56BBD4092C6C71CE60507183 /* LapioBTCApp.swift */; };
		AAB1C2D3E4F5A6B7C8D9E0F1 /* AuthManager.swift in Sources */ = {isa = PBXBuildFile; fileRef = AAB1C2D3E4F5A6B7C8D9E001 /* AuthManager.swift */; };
		BBCC1122334455667788990A /* LoginView.swift in Sources */ = {isa = PBXBuildFile; fileRef = BBCC1122334455667788990B /* LoginView.swift */; };
/* End PBXBuildFile section */

/* Begin PBXFileReference section */
		122EAA1FEEC372C80A4D8FDF /* ContentView.swift */ = {isa = PBXFileReference; lastKnownFileType = sourcecode.swift; path = ContentView.swift; sourceTree = "<group>"; };
		1AB5CDA3861AB1CF4827431F /* Config.swift */ = {isa = PBXFileReference; lastKnownFileType = sourcecode.swift; path = Config.swift; sourceTree = "<group>"; };
		2617E135AD12462007F431F3 /* AppDelegate.swift */ = {isa = PBXFileReference; lastKnownFileType = sourcecode.swift; path = AppDelegate.swift; sourceTree = "<group>"; };
		AAB1C2D3E4F5A6B7C8D9E001 /* AuthManager.swift */ = {isa = PBXFileReference; lastKnownFileType = sourcecode.swift; path = AuthManager.swift; sourceTree = "<group>"; };
		BBCC1122334455667788990B /* LoginView.swift */ = {isa = PBXFileReference; lastKnownFileType = sourcecode.swift; path = LoginView.swift; sourceTree = "<group>"; };
		56BBD4092C6C71CE60507183 /* LapioBTCApp.swift */ = {isa = PBXFileReference; lastKnownFileType = sourcecode.swift; path = LapioBTCApp.swift; sourceTree = "<group>"; };
		6FB4B94ED907D1793279C129 /* LapioBTC.app */ = {isa = PBXFileReference; explicitFileType = wrapper.application; includeInIndex = 0; path = LapioBTC.app; sourceTree = BUILT_PRODUCTS_DIR; };
		B0955A8C5833F1C879CE0E59 /* Info.plist */ = {isa = PBXFileReference; lastKnownFileType = text.plist; path = Info.plist; sourceTree = "<group>"; };
		BD6F640E4C3CA9B1A643AE5A /* ChatViewModel.swift */ = {isa = PBXFileReference; lastKnownFileType = sourcecode.swift; path = ChatViewModel.swift; sourceTree = "<group>"; };
		C8EF258B6D56D443C78028D2 /* ChatView.swift */ = {isa = PBXFileReference; lastKnownFileType = sourcecode.swift; path = ChatView.swift; sourceTree = "<group>"; };
		D29F903BBCAEE67508B4A664 /* Assets.xcassets */ = {isa = PBXFileReference; lastKnownFileType = folder.assetcatalog; path = Assets.xcassets; sourceTree = "<group>"; };
		E2EFDFF43736518E8BFD2E21 /* LapioBTC.entitlements */ = {isa = PBXFileReference; lastKnownFileType = text.plist.entitlements; path = LapioBTC.entitlements; sourceTree = "<group>"; };
		F9F6E972A71D8641688900FB /* DashboardView.swift */ = {isa = PBXFileReference; lastKnownFileType = sourcecode.swift; path = DashboardView.swift; sourceTree = "<group>"; };
/* End PBXFileReference section */

/* Begin PBXGroup section */
		1B9D6B7D64EF7A9FBCB05BB8 = {
			isa = PBXGroup;
			children = (
				49F8AA1018BCEE3BC36CB1F3 /* LapioBTC */,
				A70F4641C79FD0C099FCC58B /* Products */,
			);
			sourceTree = "<group>";
		};
		49F8AA1018BCEE3BC36CB1F3 /* LapioBTC */ = {
			isa = PBXGroup;
			children = (
				2617E135AD12462007F431F3 /* AppDelegate.swift */,
				D29F903BBCAEE67508B4A664 /* Assets.xcassets */,
				AAB1C2D3E4F5A6B7C8D9E001 /* AuthManager.swift */,
				C8EF258B6D56D443C78028D2 /* ChatView.swift */,
				BD6F640E4C3CA9B1A643AE5A /* ChatViewModel.swift */,
				1AB5CDA3861AB1CF4827431F /* Config.swift */,
				122EAA1FEEC372C80A4D8FDF /* ContentView.swift */,
				F9F6E972A71D8641688900FB /* DashboardView.swift */,
				B0955A8C5833F1C879CE0E59 /* Info.plist */,
				E2EFDFF43736518E8BFD2E21 /* LapioBTC.entitlements */,
				56BBD4092C6C71CE60507183 /* LapioBTCApp.swift */,
				BBCC1122334455667788990B /* LoginView.swift */,
			);
			path = LapioBTC;
			sourceTree = "<group>";
		};
		A70F4641C79FD0C099FCC58B /* Products */ = {
			isa = PBXGroup;
			children = (
				6FB4B94ED907D1793279C129 /* LapioBTC.app */,
			);
			name = Products;
			sourceTree = "<group>";
		};
/* End PBXGroup section */

/* Begin PBXNativeTarget section */
		D5EF48EC87703BA9B6075A03 /* LapioBTC */ = {
			isa = PBXNativeTarget;
			buildConfigurationList = AFF44CBED889FC8654328200 /* Build configuration list for PBXNativeTarget "LapioBTC" */;
			buildPhases = (
				17C617806A6C9F4ABC43B511 /* Sources */,
				2989CAB9CF070CF4FFF8F7CF /* Resources */,
			);
			buildRules = (
			);
			dependencies = (
			);
			name = LapioBTC;
			packageProductDependencies = (
			);
			productName = LapioBTC;
			productReference = 6FB4B94ED907D1793279C129 /* LapioBTC.app */;
			productType = "com.apple.product-type.application";
		};
/* End PBXNativeTarget section */

/* Begin PBXProject section */
		F17F73266B6AED69A2A455EC /* Project object */ = {
			isa = PBXProject;
			attributes = {
				BuildIndependentTargetsInParallel = YES;
				LastUpgradeCheck = 1500;
				TargetAttributes = {
					D5EF48EC87703BA9B6075A03 = {
						ProvisioningStyle = Automatic;
					};
				};
			};
			buildConfigurationList = C9D6554025874B976C781B01 /* Build configuration list for PBXProject "LapioBTC" */;
			compatibilityVersion = "Xcode 14.0";
			developmentRegion = en;
			hasScannedForEncodings = 0;
			knownRegions = (
				Base,
				en,
			);
			mainGroup = 1B9D6B7D64EF7A9FBCB05BB8;
			minimizedProjectReferenceProxies = 1;
			projectDirPath = "";
			projectRoot = "";
			targets = (
				D5EF48EC87703BA9B6075A03 /* LapioBTC */,
			);
		};
/* End PBXProject section */

/* Begin PBXResourcesBuildPhase section */
		2989CAB9CF070CF4FFF8F7CF /* Resources */ = {
			isa = PBXResourcesBuildPhase;
			buildActionMask = 2147483647;
			files = (
				7420EE0D41E84EB2686B945F /* Assets.xcassets in Resources */,
			);
			runOnlyForDeploymentPostprocessing = 0;
		};
/* End PBXResourcesBuildPhase section */

/* Begin PBXSourcesBuildPhase section */
		17C617806A6C9F4ABC43B511 /* Sources */ = {
			isa = PBXSourcesBuildPhase;
			buildActionMask = 2147483647;
			files = (
				A8050AE073469BD6BF0F1D76 /* AppDelegate.swift in Sources */,
				AAB1C2D3E4F5A6B7C8D9E0F1 /* AuthManager.swift in Sources */,
				57003295C06E711B712F1869 /* ChatView.swift in Sources */,
				DC5A26C4E84089D1813E1F29 /* ChatViewModel.swift in Sources */,
				4A647B99F3126BBF9BD6B90D /* Config.swift in Sources */,
				63CC0BB37A8ED9DF3A4D1825 /* ContentView.swift in Sources */,
				A1AF58114703A5181A68FC63 /* DashboardView.swift in Sources */,
				F1D95F9CC080535DE2FE9FAF /* LapioBTCApp.swift in Sources */,
				BBCC1122334455667788990A /* LoginView.swift in Sources */,
			);
			runOnlyForDeploymentPostprocessing = 0;
		};
/* End PBXSourcesBuildPhase section */

/* Begin XCBuildConfiguration section */
		272856002C870752AA88CC0F /* Debug */ = {
			isa = XCBuildConfiguration;
			buildSettings = {
				ASSETCATALOG_COMPILER_APPICON_NAME = AppIcon;
				CODE_SIGN_ENTITLEMENTS = LapioBTC/LapioBTC.entitlements;
				CODE_SIGN_IDENTITY = "iPhone Developer";
				CODE_SIGN_STYLE = Automatic;
				DEVELOPMENT_TEAM = Y9LA4JB3MF;
				INFOPLIST_FILE = LapioBTC/Info.plist;
				IPHONEOS_DEPLOYMENT_TARGET = 17.0;
				LD_RUNPATH_SEARCH_PATHS = (
					"$(inherited)",
					"@executable_path/Frameworks",
				);
				PRODUCT_BUNDLE_IDENTIFIER = com.lapio.btc;
				SDKROOT = iphoneos;
				TARGETED_DEVICE_FAMILY = "1,2";
			};
			name = Debug;
		};
		4BC888420278BE6158BA10D7 /* Release */ = {
			isa = XCBuildConfiguration;
			buildSettings = {
				ASSETCATALOG_COMPILER_APPICON_NAME = AppIcon;
				CODE_SIGN_ENTITLEMENTS = LapioBTC/LapioBTC.entitlements;
				CODE_SIGN_IDENTITY = "iPhone Developer";
				CODE_SIGN_STYLE = Automatic;
				DEVELOPMENT_TEAM = Y9LA4JB3MF;
				INFOPLIST_FILE = LapioBTC/Info.plist;
				IPHONEOS_DEPLOYMENT_TARGET = 17.0;
				LD_RUNPATH_SEARCH_PATHS = (
					"$(inherited)",
					"@executable_path/Frameworks",
				);
				PRODUCT_BUNDLE_IDENTIFIER = com.lapio.btc;
				SDKROOT = iphoneos;
				TARGETED_DEVICE_FAMILY = "1,2";
			};
			name = Release;
		};
		53FB6F7E5B4B7D55BF61E6B7 /* Debug */ = {
			isa = XCBuildConfiguration;
			buildSettings = {
				ALWAYS_SEARCH_USER_PATHS = NO;
				CLANG_ANALYZER_NONNULL = YES;
				CLANG_ANALYZER_NUMBER_OBJECT_CONVERSION = YES_AGGRESSIVE;
				CLANG_CXX_LANGUAGE_STANDARD = "gnu++14";
				CLANG_CXX_LIBRARY = "libc++";
				CLANG_ENABLE_MODULES = YES;
				CLANG_ENABLE_OBJC_ARC = YES;
				CLANG_ENABLE_OBJC_WEAK = YES;
				CLANG_WARN_BLOCK_CAPTURE_AUTORELEASING = YES;
				CLANG_WARN_BOOL_CONVERSION = YES;
				CLANG_WARN_COMMA = YES;
				CLANG_WARN_CONSTANT_CONVERSION = YES;
				CLANG_WARN_DEPRECATED_OBJC_IMPLEMENTATIONS = YES;
				CLANG_WARN_DIRECT_OBJC_ISA_USAGE = YES_ERROR;
				CLANG_WARN_DOCUMENTATION_COMMENTS = YES;
				CLANG_WARN_EMPTY_BODY = YES;
				CLANG_WARN_ENUM_CONVERSION = YES;
				CLANG_WARN_INFINITE_RECURSION = YES;
				CLANG_WARN_INT_CONVERSION = YES;
				CLANG_WARN_NON_LITERAL_NULL_CONVERSION = YES;
				CLANG_WARN_OBJC_IMPLICIT_RETAIN_SELF = YES;
				CLANG_WARN_OBJC_LITERAL_CONVERSION = YES;
				CLANG_WARN_OBJC_ROOT_CLASS = YES_ERROR;
				CLANG_WARN_QUOTED_INCLUDE_IN_FRAMEWORK_HEADER = YES;
				CLANG_WARN_RANGE_LOOP_ANALYSIS = YES;
				CLANG_WARN_STRICT_PROTOTYPES = YES;
				CLANG_WARN_SUSPICIOUS_MOVE = YES;
				CLANG_WARN_UNGUARDED_AVAILABILITY = YES_AGGRESSIVE;
				CLANG_WARN_UNREACHABLE_CODE = YES;
				CLANG_WARN__DUPLICATE_METHOD_MATCH = YES;
				COPY_PHASE_STRIP = NO;
				CURRENT_PROJECT_VERSION = 1;
				DEBUG_INFORMATION_FORMAT = dwarf;
				ENABLE_STRICT_OBJC_MSGSEND = YES;
				ENABLE_TESTABILITY = YES;
				GCC_C_LANGUAGE_STANDARD = gnu11;
				GCC_DYNAMIC_NO_PIC = NO;
				GCC_NO_COMMON_BLOCKS = YES;
				GCC_OPTIMIZATION_LEVEL = 0;
				GCC_PREPROCESSOR_DEFINITIONS = (
					"$(inherited)",
					"DEBUG=1",
				);
				GCC_WARN_64_TO_32_BIT_CONVERSION = YES;
				GCC_WARN_ABOUT_RETURN_TYPE = YES_ERROR;
				GCC_WARN_UNDECLARED_SELECTOR = YES;
				GCC_WARN_UNINITIALIZED_AUTOS = YES_AGGRESSIVE;
				GCC_WARN_UNUSED_FUNCTION = YES;
				GCC_WARN_UNUSED_VARIABLE = YES;
				IPHONEOS_DEPLOYMENT_TARGET = 17.0;
				MARKETING_VERSION = 1.0;
				MTL_ENABLE_DEBUG_INFO = INCLUDE_SOURCE;
				MTL_FAST_MATH = YES;
				ONLY_ACTIVE_ARCH = YES;
				PRODUCT_NAME = "$(TARGET_NAME)";
				SDKROOT = iphoneos;
				SWIFT_ACTIVE_COMPILATION_CONDITIONS = DEBUG;
				SWIFT_OPTIMIZATION_LEVEL = "-Onone";
				SWIFT_VERSION = 5.10;
			};
			name = Debug;
		};
		605E5BC4BDB37A4B9F981514 /* Release */ = {
			isa = XCBuildConfiguration;
			buildSettings = {
				ALWAYS_SEARCH_USER_PATHS = NO;
				CLANG_ANALYZER_NONNULL = YES;
				CLANG_ANALYZER_NUMBER_OBJECT_CONVERSION = YES_AGGRESSIVE;
				CLANG_CXX_LANGUAGE_STANDARD = "gnu++14";
				CLANG_CXX_LIBRARY = "libc++";
				CLANG_ENABLE_MODULES = YES;
				CLANG_ENABLE_OBJC_ARC = YES;
				CLANG_ENABLE_OBJC_WEAK = YES;
				CLANG_WARN_BLOCK_CAPTURE_AUTORELEASING = YES;
				CLANG_WARN_BOOL_CONVERSION = YES;
				CLANG_WARN_COMMA = YES;
				CLANG_WARN_CONSTANT_CONVERSION = YES;
				CLANG_WARN_DEPRECATED_OBJC_IMPLEMENTATIONS = YES;
				CLANG_WARN_DIRECT_OBJC_ISA_USAGE = YES_ERROR;
				CLANG_WARN_DOCUMENTATION_COMMENTS = YES;
				CLANG_WARN_EMPTY_BODY = YES;
				CLANG_WARN_ENUM_CONVERSION = YES;
				CLANG_WARN_INFINITE_RECURSION = YES;
				CLANG_WARN_INT_CONVERSION = YES;
				CLANG_WARN_NON_LITERAL_NULL_CONVERSION = YES;
				CLANG_WARN_OBJC_IMPLICIT_RETAIN_SELF = YES;
				CLANG_WARN_OBJC_LITERAL_CONVERSION = YES;
				CLANG_WARN_OBJC_ROOT_CLASS = YES_ERROR;
				CLANG_WARN_QUOTED_INCLUDE_IN_FRAMEWORK_HEADER = YES;
				CLANG_WARN_RANGE_LOOP_ANALYSIS = YES;
				CLANG_WARN_STRICT_PROTOTYPES = YES;
				CLANG_WARN_SUSPICIOUS_MOVE = YES;
				CLANG_WARN_UNGUARDED_AVAILABILITY = YES_AGGRESSIVE;
				CLANG_WARN_UNREACHABLE_CODE = YES;
				CLANG_WARN__DUPLICATE_METHOD_MATCH = YES;
				COPY_PHASE_STRIP = NO;
				CURRENT_PROJECT_VERSION = 1;
				DEBUG_INFORMATION_FORMAT = "dwarf-with-dsym";
				ENABLE_NS_ASSERTIONS = NO;
				ENABLE_STRICT_OBJC_MSGSEND = YES;
				GCC_C_LANGUAGE_STANDARD = gnu11;
				GCC_NO_COMMON_BLOCKS = YES;
				GCC_WARN_64_TO_32_BIT_CONVERSION = YES;
				GCC_WARN_ABOUT_RETURN_TYPE = YES_ERROR;
				GCC_WARN_UNDECLARED_SELECTOR = YES;
				GCC_WARN_UNINITIALIZED_AUTOS = YES_AGGRESSIVE;
				GCC_WARN_UNUSED_FUNCTION = YES;
				GCC_WARN_UNUSED_VARIABLE = YES;
				IPHONEOS_DEPLOYMENT_TARGET = 17.0;
				MARKETING_VERSION = 1.0;
				MTL_ENABLE_DEBUG_INFO = NO;
				MTL_FAST_MATH = YES;
				PRODUCT_NAME = "$(TARGET_NAME)";
				SDKROOT = iphoneos;
				SWIFT_COMPILATION_MODE = wholemodule;
				SWIFT_OPTIMIZATION_LEVEL = "-O";
				SWIFT_VERSION = 5.10;
			};
			name = Release;
		};
/* End XCBuildConfiguration section */

/* Begin XCConfigurationList section */
		AFF44CBED889FC8654328200 /* Build configuration list for PBXNativeTarget "LapioBTC" */ = {
			isa = XCConfigurationList;
			buildConfigurations = (
				272856002C870752AA88CC0F /* Debug */,
				4BC888420278BE6158BA10D7 /* Release */,
			);
			defaultConfigurationIsVisible = 0;
			defaultConfigurationName = Debug;
		};
		C9D6554025874B976C781B01 /* Build configuration list for PBXProject "LapioBTC" */ = {
			isa = XCConfigurationList;
			buildConfigurations = (
				53FB6F7E5B4B7D55BF61E6B7 /* Debug */,
				605E5BC4BDB37A4B9F981514 /* Release */,
			);
			defaultConfigurationIsVisible = 0;
			defaultConfigurationName = Debug;
		};
/* End XCConfigurationList section */
	};
	rootObject = F17F73266B6AED69A2A455EC /* Project object */;
}
